
Microsoft Visual Studio Solution File, Format Version 12.00
# Visual Studio 14
VisualStudioVersion = 14.0.25420.1
MinimumVisualStudioVersion = 10.0.40219.1
Project("{FAE04EC0-301F-11D3-BF4B-00C04F79EFBC}") = "ATMore.Business", "ATMore.Business\ATMore.Business.csproj", "{76A4D665-A9C1-4D7E-889B-5E6E0BFDE93A}"
EndProject
Project("{FAE04EC0-301F-11D3-BF4B-00C04F79EFBC}") = "ATMore.WebApi", "ATMore.WebApi\ATMore.WebApi.csproj", "{8024ACBD-B307-482D-8C02-DAEFEAE072C5}"
	ProjectSection(ProjectDependencies) = postProject
		{76A4D665-A9C1-4D7E-889B-5E6E0BFDE93A} = {76A4D665-A9C1-4D7E-889B-5E6E0BFDE93A}
	EndProjectSection
EndProject
Global
	GlobalSection(SolutionConfigurationPlatforms) = preSolution
		Debug|Any CPU = Debug|Any CPU
		Release|Any CPU = Release|Any CPU
	EndGlobalSection
	GlobalSection(ProjectConfigurationPlatforms) = postSolution
		{76A4D665-A9C1-4D7E-889B-5E6E0BFDE93A}.Debug|Any CPU.ActiveCfg = Debug|Any CPU
		{76A4D665-A9C1-4D7E-889B-5E6E0BFDE93A}.Debug|Any CPU.Build.0 = Debug|Any CPU
		{76A4D665-A9C1-4D7E-889B-5E6E0BFDE93A}.Release|Any CPU.ActiveCfg = Release|Any CPU
		{76A4D665-A9C1-4D7E-889B-5E6E0BFDE93A}.Release|Any CPU.Build.0 = Release|Any CPU
		{8024ACBD-B307-482D-8C02-DAEFEAE072C5}.Debug|Any CPU.ActiveCfg = Debug|Any CPU
		{8024ACBD-B307-482D-8C02-DAEFEAE072C5}.Debug|Any CPU.Build.0 = Debug|Any CPU
		{8024ACBD-B307-482D-8C02-DAEFEAE072C5}.Release|Any CPU.ActiveCfg = Release|Any CPU
		{8024ACBD-B307-482D-8C02-DAEFEAE072C5}.Release|Any CPU.Build.0 = Release|Any CPU
	EndGlobalSection
	GlobalSection(SolutionProperties) = preSolution
		HideSolutionNode = FALSE
	EndGlobalSection
EndGlobal
